
Microsoft Visual Studio Solution File, Format Version 12.00
# Visual Studio Version 16
VisualStudioVersion = 16.0.29418.71
MinimumVisualStudioVersion = 10.0.40219.1
Project("{FAE04EC0-301F-11D3-BF4B-00C04F79EFBC}") = "WebApplication3", "WebApplication3\WebApplication3.csproj", "{E952641A-B2C9-416E-AA75-5A6913078AE0}"
EndProject
Global
	GlobalSection(SolutionConfigurationPlatforms) = preSolution
		Debug|Any CPU = Debug|Any CPU
		Release|Any CPU = Release|Any CPU
	EndGlobalSection
	GlobalSection(ProjectConfigurationPlatforms) = postSolution
		{E952641A-B2C9-416E-AA75-5A6913078AE0}.Debug|Any CPU.ActiveCfg = Debug|Any CPU
		{E952641A-B2C9-416E-AA75-5A6913078AE0}.Debug|Any CPU.Build.0 = Debug|Any CPU
		{E952641A-B2C9-416E-AA75-5A6913078AE0}.Release|Any CPU.ActiveCfg = Release|Any CPU
		{E952641A-B2C9-416E-AA75-5A6913078AE0}.Release|Any CPU.Build.0 = Release|Any CPU
	EndGlobalSection
	GlobalSection(SolutionProperties) = preSolution
		HideSolutionNode = FALSE
	EndGlobalSection
	GlobalSection(ExtensibilityGlobals) = postSolution
		SolutionGuid = {EA45C5F2-6CD5-4D60-A225-C5184F34FB79}
	EndGlobalSection
EndGlobal
